# This file was autogenerated by Stack.
# You should not edit this file by hand.
# For more information, please see the documentation at:
#   https://docs.haskellstack.org/en/stable/lock_files

packages:
- completed:
    hackage: gi-gdk-4.0.7@sha256:e1915be39e2eebaf445584986dea7b750aef57c00894d1a218a54811da27b381,9025
    pantry-tree:
      sha256: 0addc7dcbf6fa7d7414b7188eb5f2a6d7258dbbf6672b81d735c7118e1044248
      size: 355
  original:
    hackage: gi-gdk-4.0.7@sha256:e1915be39e2eebaf445584986dea7b750aef57c00894d1a218a54811da27b381,9025
- completed:
    hackage: gi-gtk-4.0.8@sha256:6011c2d7880c6f9b1a319a593db6b76e5175b3f020fc4b3ca86707ee70c3a1d8,35759
    pantry-tree:
      sha256: 2e1475e9718be9122db3922d377a90a9c372b7c0825a0663f40a35bd4ed971be
      size: 357
  original:
    hackage: gi-gtk-4.0.8@sha256:6011c2d7880c6f9b1a319a593db6b76e5175b3f020fc4b3ca86707ee70c3a1d8,35759
- completed:
    hackage: gi-gsk-4.0.7@sha256:1c96f0d0fdc39b1dfa3314cb00e57cb39931bd7f1a125fb0890435fcae624952,7393
    pantry-tree:
      sha256: 56a4d421426f41a54a115288254e2006b11bb7e8adc3834348ab6a09e0c3dfec
      size: 353
  original:
    hackage: gi-gsk-4.0.7@sha256:1c96f0d0fdc39b1dfa3314cb00e57cb39931bd7f1a125fb0890435fcae624952,7393
snapshots:
- completed:
    sha256: 42f77c84b34f68c30c2cd0bf8c349f617a0f428264362426290847a6a2019b64
    size: 649618
    url: https://raw.githubusercontent.com/commercialhaskell/stackage-snapshots/master/lts/20/19.yaml
  original: lts-20.19
